<?xml version="1.0" encoding="utf-8"?>
<Project ToolsVersion="4.0" xmlns="http://schemas.microsoft.com/developer/msbuild/2003">
  <ItemGroup>
    <Filter Include="Source Files">
      <UniqueIdentifier>{4FC737F1-C7A5-4376-A066-2A32D752A2FF}</UniqueIdentifier>
      <Extensions>cpp;c;cc;cxx;def;odl;idl;hpj;bat;asm;asmx</Extensions>
    </Filter>
    <Filter Include="Header Files">
      <UniqueIdentifier>{93995380-89BD-4b04-88EB-625FBE52EBFB}</UniqueIdentifier>
      <Extensions>h;hpp;hxx;hm;inl;inc;xsd</Extensions>
    </Filter>
    <Filter Include="Resource Files">
      <UniqueIdentifier>{67DA6AB6-F800-4c08-8B7A-83BB121AAD01}</UniqueIdentifier>
      <Extensions>rc;ico;cur;bmp;dlg;rc2;rct;bin;rgs;gif;jpg;jpeg;jpe;resx;tiff;tif;png;wav</Extensions>
    </Filter>
  </ItemGroup>
  <ItemGroup>
    <ClCompile Include="..\src\main.cpp">
      <Filter>Source Files</Filter>
    </ClCompile>
    <ClCompile Include="..\src\demo\demo_http_server\demo_http_server.cpp">
      <Filter>Source Files</Filter>
    </ClCompile>
    <ClCompile Include="..\src\demo\demo_http_server\stdafx.cpp">
      <Filter>Source Files</Filter>
    </ClCompile>
    <ClCompile Include="..\src\update_srv\stdafx.cpp">
      <Filter>Source Files</Filter>
    </ClCompile>
    <ClCompile Include="..\src\update_srv\update_srv.cpp">
      <Filter>Source Files</Filter>
    </ClCompile>
  </ItemGroup>
  <ItemGroup>
    <ClInclude Include="..\src\demo\stdafx.h">
      <Filter>Header Files</Filter>
    </ClInclude>
    <ClInclude Include="..\src\demo\targetver.h">
      <Filter>Header Files</Filter>
    </ClInclude>
    <ClInclude Include="..\src\demo\demo_http_server\demo_http_server.h">
      <Filter>Header Files</Filter>
    </ClInclude>
    <ClInclude Include="..\src\demo\demo_http_server\stdafx.h">
      <Filter>Header Files</Filter>
    </ClInclude>
    <ClInclude Include="..\src\demo\demo_http_server\targetver.h">
      <Filter>Header Files</Filter>
    </ClInclude>
    <ClInclude Include="..\src\demo\iface\transport_defs.h">
      <Filter>Header Files</Filter>
    </ClInclude>
    <ClInclude Include="..\src\epee\include\ado_db_helper.h">
      <Filter>Header Files</Filter>
    </ClInclude>
    <ClInclude Include="..\src\epee\include\console_handler.h">
      <Filter>Header Files</Filter>
    </ClInclude>
    <ClInclude Include="..\src\epee\include\file_io_utils.h">
      <Filter>Header Files</Filter>
    </ClInclude>
    <ClInclude Include="..\src\epee\include\global_stream_operators.h">
      <Filter>Header Files</Filter>
    </ClInclude>
    <ClInclude Include="..\src\epee\include\gzip_encoding.h">
      <Filter>Header Files</Filter>
    </ClInclude>
    <ClInclude Include="..\src\epee\include\hmac-md5.h">
      <Filter>Header Files</Filter>
    </ClInclude>
    <ClInclude Include="..\src\epee\include\include_base_utils.h">
      <Filter>Header Files</Filter>
    </ClInclude>
    <ClInclude Include="..\src\epee\include\logger.h">
      <Filter>Header Files</Filter>
    </ClInclude>
    <ClInclude Include="..\src\epee\include\log_opt_defs.h">
      <Filter>Header Files</Filter>
    </ClInclude>
    <ClInclude Include="..\src\epee\include\math_helper.h">
      <Filter>Header Files</Filter>
    </ClInclude>
    <ClInclude Include="..\src\epee\include\md5global.h">
      <Filter>Header Files</Filter>
    </ClInclude>
    <ClInclude Include="..\src\epee\include\md5_l.h">
      <Filter>Header Files</Filter>
    </ClInclude>
    <ClInclude Include="..\src\epee\include\misc_language.h">
      <Filter>Header Files</Filter>
    </ClInclude>
    <ClInclude Include="..\src\epee\include\misc_log_ex.h">
      <Filter>Header Files</Filter>
    </ClInclude>
    <ClInclude Include="..\src\epee\include\misc_os_dependent.h">
      <Filter>Header Files</Filter>
    </ClInclude>
    <ClInclude Include="..\src\epee\include\profile_tools.h">
      <Filter>Header Files</Filter>
    </ClInclude>
    <ClInclude Include="..\src\epee\include\reg_exp_definer.h">
      <Filter>Header Files</Filter>
    </ClInclude>
    <ClInclude Include="..\src\epee\include\reg_utils.h">
      <Filter>Header Files</Filter>
    </ClInclude>
    <ClInclude Include="..\src\epee\include\service_impl_base.h">
      <Filter>Header Files</Filter>
    </ClInclude>
    <ClInclude Include="..\src\epee\include\sha1.h">
      <Filter>Header Files</Filter>
    </ClInclude>
    <ClInclude Include="..\src\epee\include\soci_helper.h">
      <Filter>Header Files</Filter>
    </ClInclude>
    <ClInclude Include="..\src\epee\include\static_initializer.h">
      <Filter>Header Files</Filter>
    </ClInclude>
    <ClInclude Include="..\src\epee\include\stdafx.h">
      <Filter>Header Files</Filter>
    </ClInclude>
    <ClInclude Include="..\src\epee\include\string_coding.h">
      <Filter>Header Files</Filter>
    </ClInclude>
    <ClInclude Include="..\src\epee\include\string_tools.h">
      <Filter>Header Files</Filter>
    </ClInclude>
    <ClInclude Include="..\src\epee\include\string_utils.h">
      <Filter>Header Files</Filter>
    </ClInclude>
    <ClInclude Include="..\src\epee\include\syncobj.h">
      <Filter>Header Files</Filter>
    </ClInclude>
    <ClInclude Include="..\src\epee\include\targetver.h">
      <Filter>Header Files</Filter>
    </ClInclude>
    <ClInclude Include="..\src\epee\include\time_helper.h">
      <Filter>Header Files</Filter>
    </ClInclude>
    <ClInclude Include="..\src\epee\include\tiny_ini.h">
      <Filter>Header Files</Filter>
    </ClInclude>
    <ClInclude Include="..\src\epee\include\to_nonconst_iterator.h">
      <Filter>Header Files</Filter>
    </ClInclude>
    <ClInclude Include="..\src\epee\include\utils.h">
      <Filter>Header Files</Filter>
    </ClInclude>
    <ClInclude Include="..\src\epee\include\winobj.h">
      <Filter>Header Files</Filter>
    </ClInclude>
    <ClInclude Include="..\src\epee\include\zlib_helper.h">
      <Filter>Header Files</Filter>
    </ClInclude>
    <ClInclude Include="..\src\epee\include\net\abstract_tcp_server.h">
      <Filter>Header Files</Filter>
    </ClInclude>
    <ClInclude Include="..\src\epee\include\net\abstract_tcp_server2.h">
      <Filter>Header Files</Filter>
    </ClInclude>
    <ClInclude Include="..\src\epee\include\net\abstract_tcp_server_cp.h">
      <Filter>Header Files</Filter>
    </ClInclude>
    <ClInclude Include="..\src\epee\include\net\anmp_base.h">
      <Filter>Header Files</Filter>
    </ClInclude>
    <ClInclude Include="..\src\epee\include\net\anmp_client.h">
      <Filter>Header Files</Filter>
    </ClInclude>
    <ClInclude Include="..\src\epee\include\net\anmp_helper.h">
      <Filter>Header Files</Filter>
    </ClInclude>
    <ClInclude Include="..\src\epee\include\net\anmp_protocol_handler.h">
      <Filter>Header Files</Filter>
    </ClInclude>
    <ClInclude Include="..\src\epee\include\net\anmp_server_cp.h">
      <Filter>Header Files</Filter>
    </ClInclude>
    <ClInclude Include="..\src\epee\include\net\anmp_server_cp2.h">
      <Filter>Header Files</Filter>
    </ClInclude>
    <ClInclude Include="..\src\epee\include\net\http_base.h">
      <Filter>Header Files</Filter>
    </ClInclude>
    <ClInclude Include="..\src\epee\include\net\http_client.h">
      <Filter>Header Files</Filter>
    </ClInclude>
    <ClInclude Include="..\src\epee\include\net\http_client_via_api_helper.h">
      <Filter>Header Files</Filter>
    </ClInclude>
    <ClInclude Include="..\src\epee\include\net\http_server.h">
      <Filter>Header Files</Filter>
    </ClInclude>
    <ClInclude Include="..\src\epee\include\net\http_server_cp.h">
      <Filter>Header Files</Filter>
    </ClInclude>
    <ClInclude Include="..\src\epee\include\net\http_server_cp2.h">
      <Filter>Header Files</Filter>
    </ClInclude>
    <ClInclude Include="..\src\epee\include\net\http_server_handlers_map.h">
      <Filter>Header Files</Filter>
    </ClInclude>
    <ClInclude Include="..\src\epee\include\net\http_server_thread_per_connect.h">
      <Filter>Header Files</Filter>
    </ClInclude>
    <ClInclude Include="..\src\epee\include\net\multiprotocols_server.h">
      <Filter>Header Files</Filter>
    </ClInclude>
    <ClInclude Include="..\src\epee\include\net\munin_connection_handler.h">
      <Filter>Header Files</Filter>
    </ClInclude>
    <ClInclude Include="..\src\epee\include\net\munin_node_server.h">
      <Filter>Header Files</Filter>
    </ClInclude>
    <ClInclude Include="..\src\epee\include\net\net_helper.h">
      <Filter>Header Files</Filter>
    </ClInclude>
    <ClInclude Include="..\src\epee\include\net\net_parse_helpers.h">
      <Filter>Header Files</Filter>
    </ClInclude>
    <ClInclude Include="..\src\epee\include\net\net_utils_base.h">
      <Filter>Header Files</Filter>
    </ClInclude>
    <ClInclude Include="..\src\epee\include\net\protocol_switcher.h">
      <Filter>Header Files</Filter>
    </ClInclude>
    <ClInclude Include="..\src\epee\include\net\smtp.h">
      <Filter>Header Files</Filter>
    </ClInclude>
    <ClInclude Include="..\src\epee\include\net\smtp_helper.h">
      <Filter>Header Files</Filter>
    </ClInclude>
    <ClInclude Include="..\src\epee\include\serialization\mem_block.h">
      <Filter>Header Files</Filter>
    </ClInclude>
    <ClInclude Include="..\src\epee\include\serialization\NamedSerialize.h">
      <Filter>Header Files</Filter>
    </ClInclude>
    <ClInclude Include="..\src\epee\include\storages\abstract_invoke.h">
      <Filter>Header Files</Filter>
    </ClInclude>
    <ClInclude Include="..\src\epee\include\storages\crypted_storage.h">
      <Filter>Header Files</Filter>
    </ClInclude>
    <ClInclude Include="..\src\epee\include\storages\gzipped_inmemstorage.h">
      <Filter>Header Files</Filter>
    </ClInclude>
    <ClInclude Include="..\src\epee\include\storages\inmemstorage.h">
      <Filter>Header Files</Filter>
    </ClInclude>
    <ClInclude Include="..\src\epee\include\storages\inmemtoxml.h">
      <Filter>Header Files</Filter>
    </ClInclude>
    <ClInclude Include="..\src\epee\include\storages\inmem_to_json.h">
      <Filter>Header Files</Filter>
    </ClInclude>
    <ClInclude Include="..\src\epee\include\storages\InRegStorage.h">
      <Filter>Header Files</Filter>
    </ClInclude>
    <ClInclude Include="..\src\epee\include\storages\parserse_base_utils.h">
      <Filter>Header Files</Filter>
    </ClInclude>
    <ClInclude Include="..\src\epee\include\storages\serializeble_struct_helper.h">
      <Filter>Header Files</Filter>
    </ClInclude>
    <ClInclude Include="..\src\update_srv\handlers_config.h">
      <Filter>Header Files</Filter>
    </ClInclude>
    <ClInclude Include="..\src\update_srv\incremental_update_defs.h">
      <Filter>Header Files</Filter>
    </ClInclude>
    <ClInclude Include="..\src\update_srv\protocol_defs.h">
      <Filter>Header Files</Filter>
    </ClInclude>
    <ClInclude Include="..\src\update_srv\protocol_events_handler.h">
      <Filter>Header Files</Filter>
    </ClInclude>
    <ClInclude Include="..\src\update_srv\stdafx.h">
      <Filter>Header Files</Filter>
    </ClInclude>
    <ClInclude Include="..\src\update_srv\targetver.h">
      <Filter>Header Files</Filter>
    </ClInclude>
    <ClInclude Include="..\src\update_srv\update_req_handler.h">
      <Filter>Header Files</Filter>
    </ClInclude>
    <ClInclude Include="..\src\update_srv\update_srv.h">
      <Filter>Header Files</Filter>
    </ClInclude>
  </ItemGroup>
  <ItemGroup>
    <None Include="..\src\epee\include\md5_l.inl">
      <Filter>Header Files</Filter>
    </None>
    <None Include="..\src\epee\include\sha1.inl">
      <Filter>Header Files</Filter>
    </None>
    <None Include="..\src\epee\include\net\abstract_tcp_server2.inl">
      <Filter>Header Files</Filter>
    </None>
    <None Include="..\src\epee\include\net\abstract_tcp_server_cp.inl">
      <Filter>Header Files</Filter>
    </None>
    <None Include="..\src\epee\include\net\anmp_client.inl">
      <Filter>Header Files</Filter>
    </None>
    <None Include="..\src\epee\include\net\http_server.inl">
      <Filter>Header Files</Filter>
    </None>
    <None Include="..\src\epee\include\net\smtp.inl">
      <Filter>Header Files</Filter>
    </None>
    <None Include="..\src\update_srv\update_req_handler.inl">
      <Filter>Header Files</Filter>
    </None>
  </ItemGroup>
</Project>